
Microsoft Visual Studio Solution File, Format Version 12.00
# Visual Studio Version 16
VisualStudioVersion = 16.0.32228.343
MinimumVisualStudioVersion = 10.0.40219.1
Project("{FAE04EC0-301F-11D3-BF4B-00C04F79EFBC}") = "TpProgramacion", "TpProgramacion\TpProgramacion.csproj", "{E7934461-5DEA-494E-A5E5-8C299622CC3B}"
EndProject
Project("{FAE04EC0-301F-11D3-BF4B-00C04F79EFBC}") = "domain", "domain\domain.csproj", "{3B5FFFEB-4C8A-46CF-9828-10DE71CA7449}"
EndProject
Project("{FAE04EC0-301F-11D3-BF4B-00C04F79EFBC}") = "services", "services\services.csproj", "{156D75D4-0926-4CDF-BFF4-26A34FC80AFC}"
EndProject
Project("{FAE04EC0-301F-11D3-BF4B-00C04F79EFBC}") = "helpers", "helpers\helpers.csproj", "{FF1861F9-BAF8-49BD-AC3B-C4B01C427874}"
EndProject
Project("{FAE04EC0-301F-11D3-BF4B-00C04F79EFBC}") = "carrito", "carrito\carrito.csproj", "{9DEF5AB8-65E5-4534-BEDD-3DC6C3EBECF5}"
EndProject
Global
	GlobalSection(SolutionConfigurationPlatforms) = preSolution
		Debug|Any CPU = Debug|Any CPU
		Release|Any CPU = Release|Any CPU
	EndGlobalSection
	GlobalSection(ProjectConfigurationPlatforms) = postSolution
		{E7934461-5DEA-494E-A5E5-8C299622CC3B}.Debug|Any CPU.ActiveCfg = Debug|Any CPU
		{E7934461-5DEA-494E-A5E5-8C299622CC3B}.Debug|Any CPU.Build.0 = Debug|Any CPU
		{E7934461-5DEA-494E-A5E5-8C299622CC3B}.Release|Any CPU.ActiveCfg = Release|Any CPU
		{E7934461-5DEA-494E-A5E5-8C299622CC3B}.Release|Any CPU.Build.0 = Release|Any CPU
		{3B5FFFEB-4C8A-46CF-9828-10DE71CA7449}.Debug|Any CPU.ActiveCfg = Debug|Any CPU
		{3B5FFFEB-4C8A-46CF-9828-10DE71CA7449}.Debug|Any CPU.Build.0 = Debug|Any CPU
		{3B5FFFEB-4C8A-46CF-9828-10DE71CA7449}.Release|Any CPU.ActiveCfg = Release|Any CPU
		{3B5FFFEB-4C8A-46CF-9828-10DE71CA7449}.Release|Any CPU.Build.0 = Release|Any CPU
		{156D75D4-0926-4CDF-BFF4-26A34FC80AFC}.Debug|Any CPU.ActiveCfg = Debug|Any CPU
		{156D75D4-0926-4CDF-BFF4-26A34FC80AFC}.Debug|Any CPU.Build.0 = Debug|Any CPU
		{156D75D4-0926-4CDF-BFF4-26A34FC80AFC}.Release|Any CPU.ActiveCfg = Release|Any CPU
		{156D75D4-0926-4CDF-BFF4-26A34FC80AFC}.Release|Any CPU.Build.0 = Release|Any CPU
		{FF1861F9-BAF8-49BD-AC3B-C4B01C427874}.Debug|Any CPU.ActiveCfg = Debug|Any CPU
		{FF1861F9-BAF8-49BD-AC3B-C4B01C427874}.Debug|Any CPU.Build.0 = Debug|Any CPU
		{FF1861F9-BAF8-49BD-AC3B-C4B01C427874}.Release|Any CPU.ActiveCfg = Release|Any CPU
		{FF1861F9-BAF8-49BD-AC3B-C4B01C427874}.Release|Any CPU.Build.0 = Release|Any CPU
		{9DEF5AB8-65E5-4534-BEDD-3DC6C3EBECF5}.Debug|Any CPU.ActiveCfg = Debug|Any CPU
		{9DEF5AB8-65E5-4534-BEDD-3DC6C3EBECF5}.Debug|Any CPU.Build.0 = Debug|Any CPU
		{9DEF5AB8-65E5-4534-BEDD-3DC6C3EBECF5}.Release|Any CPU.ActiveCfg = Release|Any CPU
		{9DEF5AB8-65E5-4534-BEDD-3DC6C3EBECF5}.Release|Any CPU.Build.0 = Release|Any CPU
	EndGlobalSection
	GlobalSection(SolutionProperties) = preSolution
		HideSolutionNode = FALSE
	EndGlobalSection
	GlobalSection(ExtensibilityGlobals) = postSolution
		SolutionGuid = {92E1FBA5-FBA6-4B77-ABF9-E0318A3B1BCA}
	EndGlobalSection
EndGlobal
